dependencies:
  espressif/esp_tinyusb:
    component_hash: ec1a6f05d69a097366e67abf57a8fac17e74415758ea0a5b7dc53bff6217df91
    dependencies:
    - name: idf
      require: private
      version: '>=5.0'
    - name: espressif/tinyusb
      registry_url: https://components.espressif.com
      require: public
      version: '>=0.14.2'
    source:
      registry_url: https://components.espressif.com/
      type: service
    targets:
    - esp32s2
    - esp32s3
    version: 1.3.1
  espressif/tinyusb:
    component_hash: 63dfbf468a7969844c714917eee452d678cd4ba27ed23b729df94dfa5d0b0a6f
    dependencies:
    - name: idf
      require: private
      version: '>=5.0'
    source:
      registry_url: https://components.espressif.com
      type: service
    targets:
    - esp32s2
    - esp32s3
    - esp32p4
    - esp32h4
    version: 0.19.0~1
  idf:
    source:
      type: idf
    version: 5.1.0
direct_dependencies:
- espressif/esp_tinyusb
- idf
manifest_hash: b889140f5d35f887bf2fcadbaf986ecf5b6cb609dbeac00a8b15d5fafd6f03a1
target: esp32s3
version: 2.0.0
